
Microsoft Visual Studio Solution File, Format Version 12.00
# Visual Studio 2013
VisualStudioVersion = 12.0.31101.0
MinimumVisualStudioVersion = 10.0.40219.1
Project("{8BC9CEB8-8B4A-11D0-8D11-00A0C91BC942}") = "c++_wrapper_client", "c++_wrapper_client\c++_wrapper_client.vcxproj", "{F0BE0C2E-C67D-47B2-82CA-FBE16100B796}"
EndProject
Project("{8BC9CEB8-8B4A-11D0-8D11-00A0C91BC942}") = "c++_wrapper", "c++_wrapper\c++ wrapper.vcxproj", "{5ED37EDE-CCC8-4BDF-ACFE-B6EFE804CA26}"
EndProject
Project("{8BC9CEB8-8B4A-11D0-8D11-00A0C91BC942}") = "C sharp wrapper", "c_sharp_wrapper\Calc_Core_Wrapper.vcxproj", "{3E105F89-471C-4655-9748-B8948B9CFCD7}"
EndProject
Global
	GlobalSection(SolutionConfigurationPlatforms) = preSolution
		Debug|Win32 = Debug|Win32
		Release|Win32 = Release|Win32
	EndGlobalSection
	GlobalSection(ProjectConfigurationPlatforms) = postSolution
		{F0BE0C2E-C67D-47B2-82CA-FBE16100B796}.Debug|Win32.ActiveCfg = Debug|Win32
		{F0BE0C2E-C67D-47B2-82CA-FBE16100B796}.Debug|Win32.Build.0 = Debug|Win32
		{F0BE0C2E-C67D-47B2-82CA-FBE16100B796}.Release|Win32.ActiveCfg = Release|Win32
		{F0BE0C2E-C67D-47B2-82CA-FBE16100B796}.Release|Win32.Build.0 = Release|Win32
		{5ED37EDE-CCC8-4BDF-ACFE-B6EFE804CA26}.Debug|Win32.ActiveCfg = Debug|Win32
		{5ED37EDE-CCC8-4BDF-ACFE-B6EFE804CA26}.Debug|Win32.Build.0 = Debug|Win32
		{5ED37EDE-CCC8-4BDF-ACFE-B6EFE804CA26}.Release|Win32.ActiveCfg = Release|Win32
		{5ED37EDE-CCC8-4BDF-ACFE-B6EFE804CA26}.Release|Win32.Build.0 = Release|Win32
		{3E105F89-471C-4655-9748-B8948B9CFCD7}.Debug|Win32.ActiveCfg = Debug|Win32
		{3E105F89-471C-4655-9748-B8948B9CFCD7}.Debug|Win32.Build.0 = Debug|Win32
		{3E105F89-471C-4655-9748-B8948B9CFCD7}.Release|Win32.ActiveCfg = Release|Win32
		{3E105F89-471C-4655-9748-B8948B9CFCD7}.Release|Win32.Build.0 = Release|Win32
	EndGlobalSection
	GlobalSection(SolutionProperties) = preSolution
		HideSolutionNode = FALSE
	EndGlobalSection
EndGlobal
